[root]
name = "lam"
version = "0.0.1"
dependencies = [
 "rust-sqlite 0.1.1 (git+https://github.com/dckc/rust-sqlite3)",
 "time 0.1.0 (registry+https://github.com/rust-lang/crates.io-index)",
]

[[package]]
name = "gcc"
version = "0.1.0"
source = "registry+https://github.com/rust-lang/crates.io-index"

[[package]]
name = "rust-sqlite"
version = "0.1.1"
source = "git+https://github.com/dckc/rust-sqlite3#4a51ded95808d41a49531d3fc4b8072e558a1324"
dependencies = [
 "time 0.0.3 (registry+https://github.com/rust-lang/crates.io-index)",
]

[[package]]
name = "time"
version = "0.0.3"
source = "registry+https://github.com/rust-lang/crates.io-index"
dependencies = [
 "gcc 0.1.0 (registry+https://github.com/rust-lang/crates.io-index)",
]

[[package]]
name = "time"
version = "0.1.0"
source = "registry+https://github.com/rust-lang/crates.io-index"
dependencies = [
 "gcc 0.1.0 (registry+https://github.com/rust-lang/crates.io-index)",
]

